
Microsoft Visual Studio Solution File, Format Version 12.00
# Visual Studio Version 16
VisualStudioVersion = 16.0.30114.105
MinimumVisualStudioVersion = 10.0.40219.1
Project("{FAE04EC0-301F-11D3-BF4B-00C04F79EFBC}") = "DataAccessLayer", "DataAccessLayer\DataAccessLayer.csproj", "{5FB4488F-1255-4F20-BD1E-84C97F705561}"
EndProject
Project("{FAE04EC0-301F-11D3-BF4B-00C04F79EFBC}") = "WebAPIService", "WebAPIService\WebAPIService.csproj", "{C23042AB-4D27-4587-9AE9-B5EB39769B31}"
EndProject
Global
	GlobalSection(SolutionConfigurationPlatforms) = preSolution
		Debug|Any CPU = Debug|Any CPU
		Release|Any CPU = Release|Any CPU
	EndGlobalSection
	GlobalSection(ProjectConfigurationPlatforms) = postSolution
		{5FB4488F-1255-4F20-BD1E-84C97F705561}.Debug|Any CPU.ActiveCfg = Debug|Any CPU
		{5FB4488F-1255-4F20-BD1E-84C97F705561}.Debug|Any CPU.Build.0 = Debug|Any CPU
		{5FB4488F-1255-4F20-BD1E-84C97F705561}.Release|Any CPU.ActiveCfg = Release|Any CPU
		{5FB4488F-1255-4F20-BD1E-84C97F705561}.Release|Any CPU.Build.0 = Release|Any CPU
		{C23042AB-4D27-4587-9AE9-B5EB39769B31}.Debug|Any CPU.ActiveCfg = Debug|Any CPU
		{C23042AB-4D27-4587-9AE9-B5EB39769B31}.Debug|Any CPU.Build.0 = Debug|Any CPU
		{C23042AB-4D27-4587-9AE9-B5EB39769B31}.Release|Any CPU.ActiveCfg = Release|Any CPU
		{C23042AB-4D27-4587-9AE9-B5EB39769B31}.Release|Any CPU.Build.0 = Release|Any CPU
	EndGlobalSection
	GlobalSection(SolutionProperties) = preSolution
		HideSolutionNode = FALSE
	EndGlobalSection
	GlobalSection(ExtensibilityGlobals) = postSolution
		SolutionGuid = {200E2F34-A77C-49FE-9268-214C1F692E69}
	EndGlobalSection
EndGlobal
